
Microsoft Visual Studio Solution File, Format Version 12.00
# Visual Studio Version 17
VisualStudioVersion = 17.8.34511.84
MinimumVisualStudioVersion = 10.0.40219.1
Project("{8BC9CEB8-8B4A-11D0-8D11-00A0C91BC942}") = "Homeworks", "Homeworks.vcxproj", "{1C6382F7-B00B-41C0-BC7E-36B99D1E0C09}"
EndProject
Global
	GlobalSection(SolutionConfigurationPlatforms) = preSolution
		Debug|x64 = Debug|x64
		Debug|x86 = Debug|x86
		Release|x64 = Release|x64
		Release|x86 = Release|x86
	EndGlobalSection
	GlobalSection(ProjectConfigurationPlatforms) = postSolution
		{1C6382F7-B00B-41C0-BC7E-36B99D1E0C09}.Debug|x64.ActiveCfg = Debug|x64
		{1C6382F7-B00B-41C0-BC7E-36B99D1E0C09}.Debug|x64.Build.0 = Debug|x64
		{1C6382F7-B00B-41C0-BC7E-36B99D1E0C09}.Debug|x86.ActiveCfg = Debug|Win32
		{1C6382F7-B00B-41C0-BC7E-36B99D1E0C09}.Debug|x86.Build.0 = Debug|Win32
		{1C6382F7-B00B-41C0-BC7E-36B99D1E0C09}.Release|x64.ActiveCfg = Release|x64
		{1C6382F7-B00B-41C0-BC7E-36B99D1E0C09}.Release|x64.Build.0 = Release|x64
		{1C6382F7-B00B-41C0-BC7E-36B99D1E0C09}.Release|x86.ActiveCfg = Release|Win32
		{1C6382F7-B00B-41C0-BC7E-36B99D1E0C09}.Release|x86.Build.0 = Release|Win32
	EndGlobalSection
	GlobalSection(SolutionProperties) = preSolution
		HideSolutionNode = FALSE
	EndGlobalSection
	GlobalSection(ExtensibilityGlobals) = postSolution
		SolutionGuid = {85BB9115-BB98-4420-B8E9-570DE515D421}
	EndGlobalSection
EndGlobal
