
Microsoft Visual Studio Solution File, Format Version 12.00
# Visual Studio Version 17
VisualStudioVersion = 17.8.34511.84
MinimumVisualStudioVersion = 10.0.40219.1
Project("{8BC9CEB8-8B4A-11D0-8D11-00A0C91BC942}") = "monte_carlo_sim", "monte_carlo_sim.vcxproj", "{1CA51856-7228-4237-A42E-36A843B8B5D8}"
EndProject
Global
	GlobalSection(SolutionConfigurationPlatforms) = preSolution
		Debug|x64 = Debug|x64
		Debug|x86 = Debug|x86
		Release|x64 = Release|x64
		Release|x86 = Release|x86
	EndGlobalSection
	GlobalSection(ProjectConfigurationPlatforms) = postSolution
		{1CA51856-7228-4237-A42E-36A843B8B5D8}.Debug|x64.ActiveCfg = Debug|x64
		{1CA51856-7228-4237-A42E-36A843B8B5D8}.Debug|x64.Build.0 = Debug|x64
		{1CA51856-7228-4237-A42E-36A843B8B5D8}.Debug|x86.ActiveCfg = Debug|Win32
		{1CA51856-7228-4237-A42E-36A843B8B5D8}.Debug|x86.Build.0 = Debug|Win32
		{1CA51856-7228-4237-A42E-36A843B8B5D8}.Release|x64.ActiveCfg = Release|x64
		{1CA51856-7228-4237-A42E-36A843B8B5D8}.Release|x64.Build.0 = Release|x64
		{1CA51856-7228-4237-A42E-36A843B8B5D8}.Release|x86.ActiveCfg = Release|Win32
		{1CA51856-7228-4237-A42E-36A843B8B5D8}.Release|x86.Build.0 = Release|Win32
	EndGlobalSection
	GlobalSection(SolutionProperties) = preSolution
		HideSolutionNode = FALSE
	EndGlobalSection
	GlobalSection(ExtensibilityGlobals) = postSolution
		SolutionGuid = {4EB970DE-2B7D-494D-B7C3-B8D0FD9DFCB8}
	EndGlobalSection
EndGlobal
